
Microsoft Visual Studio Solution File, Format Version 12.00
# Visual Studio Version 17
VisualStudioVersion = 17.6.33829.357
MinimumVisualStudioVersion = 10.0.40219.1
Project("{FAE04EC0-301F-11D3-BF4B-00C04F79EFBC}") = "EmprestimoLivros", "EmprestimoLivros\EmprestimoLivros.csproj", "{A007F6FE-565B-4E07-9B8C-8F074D8CDF78}"
EndProject
Global
	GlobalSection(SolutionConfigurationPlatforms) = preSolution
		Debug|Any CPU = Debug|Any CPU
		Release|Any CPU = Release|Any CPU
	EndGlobalSection
	GlobalSection(ProjectConfigurationPlatforms) = postSolution
		{A007F6FE-565B-4E07-9B8C-8F074D8CDF78}.Debug|Any CPU.ActiveCfg = Debug|Any CPU
		{A007F6FE-565B-4E07-9B8C-8F074D8CDF78}.Debug|Any CPU.Build.0 = Debug|Any CPU
		{A007F6FE-565B-4E07-9B8C-8F074D8CDF78}.Release|Any CPU.ActiveCfg = Release|Any CPU
		{A007F6FE-565B-4E07-9B8C-8F074D8CDF78}.Release|Any CPU.Build.0 = Release|Any CPU
	EndGlobalSection
	GlobalSection(SolutionProperties) = preSolution
		HideSolutionNode = FALSE
	EndGlobalSection
	GlobalSection(ExtensibilityGlobals) = postSolution
		SolutionGuid = {6EC4E293-DF42-4E75-ABF1-57E2DCE8FA28}
	EndGlobalSection
EndGlobal
